gitlab.com/devpro_studio/go_utils v1.1.1 h1:43AHYtvD3fbGwHsJD9ueaSz10r6RE2mCZuICa/fegjc=
gitlab.com/devpro_studio/go_utils v1.1.1/go.mod h1:w5u/t5VoEsj6T+nwGocm3tHE+CE1n1ZRy2VS9qJXoGg=
gitlab.com/devpro_studio/go_utils v1.1.2 h1:cYmLX7GaQh8mUlod71ZvoYbzvgM+FKXbIPZf+Tr7vjw=
gitlab.com/devpro_studio/go_utils v1.1.2/go.mod h1:w5u/t5VoEsj6T+nwGocm3tHE+CE1n1ZRy2VS9qJXoGg=
gitlab.com/devpro_studio/go_utils v1.1.3 h1:F/D5ZZU2FWH+veR4tvEUIktwoAVdo5hHr1J9RUxVFmU=
gitlab.com/devpro_studio/go_utils v1.1.3/go.mod h1:w5u/t5VoEsj6T+nwGocm3tHE+CE1n1ZRy2VS9qJXoGg=
gitlab.com/devpro_studio/go_utils v1.1.5 h1:wRH/RXse2WTwhFoby4HFm7ZLTc8t79Sx+nENewUcHVc=
gitlab.com/devpro_studio/go_utils v1.1.5/go.mod h1:w5u/t5VoEsj6T+nwGocm3tHE+CE1n1ZRy2VS9qJXoGg=
