gitlab.com/devpro_studio/go_utils v1.1.1 h1:43AHYtvD3fbGwHsJD9ueaSz10r6RE2mCZuICa/fegjc=
gitlab.com/devpro_studio/go_utils v1.1.1/go.mod h1:w5u/t5VoEsj6T+nwGocm3tHE+CE1n1ZRy2VS9qJXoGg=
gitlab.com/devpro_studio/go_utils v1.1.2 h1:cYmLX7GaQh8mUlod71ZvoYbzvgM+FKXbIPZf+Tr7vjw=
gitlab.com/devpro_studio/go_utils v1.1.2/go.mod h1:w5u/t5VoEsj6T+nwGocm3tHE+CE1n1ZRy2VS9qJXoGg=
